{
  "name": "impoman",
  "version": "1.0.0",
  "lockfileVersion": 3,
  "requires": true,
  "packages": {
    "": {
      "name": "impoman",
      "version": "1.0.0",
      "license": "ISC",
      "bin": {
        "impoman": "impo-cli.js"
      },
      "engines": {
        "node": ">=12"
      }
    }
  }
}
